// !$*UTF8*$!
{
	archiveVersion = 1;
	classes = {
	};
	objectVersion = 77;
	objects = {

/* Begin PBXBuildFile section */
		994879C62CCE369000EEA50F /* readme in Resources */ = {isa = PBXBuildFile; fileRef = 994879C52CCE368C00EEA50F /* readme */; };
/* End PBXBuildFile section */

/* Begin PBXContainerItemProxy section */
		994879A82CCE360000EEA50F /* PBXContainerItemProxy */ = {
			isa = PBXContainerItemProxy;
			containerPortal = 9948798F2CCE35FF00EEA50F /* Project object */;
			proxyType = 1;
			remoteGlobalIDString = 994879962CCE35FF00EEA50F;
			remoteInfo = widget_workshop;
		};
		994879B22CCE360000EEA50F /* PBXContainerItemProxy */ = {
			isa = PBXContainerItemProxy;
			containerPortal = 9948798F2CCE35FF00EEA50F /* Project object */;
			proxyType = 1;
			remoteGlobalIDString = 994879962CCE35FF00EEA50F;
			remoteInfo = widget_workshop;
		};
/* End PBXContainerItemProxy section */

/* Begin PBXFileReference section */
		994879972CCE35FF00EEA50F /* widget_workshop.app */ = {isa = PBXFileReference; explicitFileType = wrapper.application; includeInIndex = 0; path = widget_workshop.app; sourceTree = BUILT_PRODUCTS_DIR; };
		994879A72CCE360000EEA50F /* widget_workshopTests.xctest */ = {isa = PBXFileReference; explicitFileType = wrapper.cfbundle; includeInIndex = 0; path = widget_workshopTests.xctest; sourceTree = BUILT_PRODUCTS_DIR; };
		994879B12CCE360000EEA50F /* widget_workshopUITests.xctest */ = {isa = PBXFileReference; explicitFileType = wrapper.cfbundle; includeInIndex = 0; path = widget_workshopUITests.xctest; sourceTree = BUILT_PRODUCTS_DIR; };
		994879C52CCE368C00EEA50F /* readme */ = {isa = PBXFileReference; lastKnownFileType = text; path = readme; sourceTree = "<group>"; };
/* End PBXFileReference section */

/* Begin PBXFileSystemSynchronizedRootGroup section */
		994879992CCE35FF00EEA50F /* widget_workshop */ = {
			isa = PBXFileSystemSynchronizedRootGroup;
			path = widget_workshop;
			sourceTree = "<group>";
		};
		994879AA2CCE360000EEA50F /* widget_workshopTests */ = {
			isa = PBXFileSystemSynchronizedRootGroup;
			path = widget_workshopTests;
			sourceTree = "<group>";
		};
		994879B42CCE360000EEA50F /* widget_workshopUITests */ = {
			isa = PBXFileSystemSynchronizedRootGroup;
			path = widget_workshopUITests;
			sourceTree = "<group>";
		};
/* End PBXFileSystemSynchronizedRootGroup section */

/* Begin PBXFrameworksBuildPhase section */
		994879942CCE35FF00EEA50F /* Frameworks */ = {
			isa = PBXFrameworksBuildPhase;
			buildActionMask = 2147483647;
			files = (
			);
			runOnlyForDeploymentPostprocessing = 0;
		};
		994879A42CCE360000EEA50F /* Frameworks */ = {
			isa = PBXFrameworksBuildPhase;
			buildActionMask = 2147483647;
			files = (
			);
			runOnlyForDeploymentPostprocessing = 0;
		};
		994879AE2CCE360000EEA50F /* Frameworks */ = {
			isa = PBXFrameworksBuildPhase;
			buildActionMask = 2147483647;
			files = (
			);
			runOnlyForDeploymentPostprocessing = 0;
		};
/* End PBXFrameworksBuildPhase section */

/* Begin PBXGroup section */
		9948798E2CCE35FF00EEA50F = {
			isa = PBXGroup;
			children = (
				994879C52CCE368C00EEA50F /* readme */,
				994879992CCE35FF00EEA50F /* widget_workshop */,
				994879AA2CCE360000EEA50F /* widget_workshopTests */,
				994879B42CCE360000EEA50F /* widget_workshopUITests */,
				994879982CCE35FF00EEA50F /* Products */,
			);
			sourceTree = "<group>";
		};
		994879982CCE35FF00EEA50F /* Products */ = {
			isa = PBXGroup;
			children = (
				994879972CCE35FF00EEA50F /* widget_workshop.app */,
				994879A72CCE360000EEA50F /* widget_workshopTests.xctest */,
				994879B12CCE360000EEA50F /* widget_workshopUITests.xctest */,
			);
			name = Products;
			sourceTree = "<group>";
		};
/* End PBXGroup section */

/* Begin PBXNativeTarget section */
		994879962CCE35FF00EEA50F /* widget_workshop */ = {
			isa = PBXNativeTarget;
			buildConfigurationList = 994879BB2CCE360000EEA50F /* Build configuration list for PBXNativeTarget "widget_workshop" */;
			buildPhases = (
				994879932CCE35FF00EEA50F /* Sources */,
				994879942CCE35FF00EEA50F /* Frameworks */,
				994879952CCE35FF00EEA50F /* Resources */,
			);
			buildRules = (
			);
			dependencies = (
			);
			fileSystemSynchronizedGroups = (
				994879992CCE35FF00EEA50F /* widget_workshop */,
			);
			name = widget_workshop;
			packageProductDependencies = (
			);
			productName = widget_workshop;
			productReference = 994879972CCE35FF00EEA50F /* widget_workshop.app */;
			productType = "com.apple.product-type.application";
		};
		994879A62CCE360000EEA50F /* widget_workshopTests */ = {
			isa = PBXNativeTarget;
			buildConfigurationList = 994879BE2CCE360000EEA50F /* Build configuration list for PBXNativeTarget "widget_workshopTests" */;
			buildPhases = (
				994879A32CCE360000EEA50F /* Sources */,
				994879A42CCE360000EEA50F /* Frameworks */,
				994879A52CCE360000EEA50F /* Resources */,
			);
			buildRules = (
			);
			dependencies = (
				994879A92CCE360000EEA50F /* PBXTargetDependency */,
			);
			fileSystemSynchronizedGroups = (
				994879AA2CCE360000EEA50F /* widget_workshopTests */,
			);
			name = widget_workshopTests;
			packageProductDependencies = (
			);
			productName = widget_workshopTests;
			productReference = 994879A72CCE360000EEA50F /* widget_workshopTests.xctest */;
			productType = "com.apple.product-type.bundle.unit-test";
		};
		994879B02CCE360000EEA50F /* widget_workshopUITests */ = {
			isa = PBXNativeTarget;
			buildConfigurationList = 994879C12CCE360000EEA50F /* Build configuration list for PBXNativeTarget "widget_workshopUITests" */;
			buildPhases = (
				994879AD2CCE360000EEA50F /* Sources */,
				994879AE2CCE360000EEA50F /* Frameworks */,
				994879AF2CCE360000EEA50F /* Resources */,
			);
			buildRules = (
			);
			dependencies = (
				994879B32CCE360000EEA50F /* PBXTargetDependency */,
			);
			fileSystemSynchronizedGroups = (
				994879B42CCE360000EEA50F /* widget_workshopUITests */,
			);
			name = widget_workshopUITests;
			packageProductDependencies = (
			);
			productName = widget_workshopUITests;
			productReference = 994879B12CCE360000EEA50F /* widget_workshopUITests.xctest */;
			productType = "com.apple.product-type.bundle.ui-testing";
		};
/* End PBXNativeTarget section */

/* Begin PBXProject section */
		9948798F2CCE35FF00EEA50F /* Project object */ = {
			isa = PBXProject;
			attributes = {
				BuildIndependentTargetsInParallel = 1;
				LastSwiftUpdateCheck = 1600;
				LastUpgradeCheck = 1600;
				TargetAttributes = {
					994879962CCE35FF00EEA50F = {
						CreatedOnToolsVersion = 16.0;
					};
					994879A62CCE360000EEA50F = {
						CreatedOnToolsVersion = 16.0;
						TestTargetID = 994879962CCE35FF00EEA50F;
					};
					994879B02CCE360000EEA50F = {
						CreatedOnToolsVersion = 16.0;
						TestTargetID = 994879962CCE35FF00EEA50F;
					};
				};
			};
			buildConfigurationList = 994879922CCE35FF00EEA50F /* Build configuration list for PBXProject "widget_workshop" */;
			developmentRegion = en;
			hasScannedForEncodings = 0;
			knownRegions = (
				en,
				Base,
			);
			mainGroup = 9948798E2CCE35FF00EEA50F;
			minimizedProjectReferenceProxies = 1;
			preferredProjectObjectVersion = 77;
			productRefGroup = 994879982CCE35FF00EEA50F /* Products */;
			projectDirPath = "";
			projectRoot = "";
			targets = (
				994879962CCE35FF00EEA50F /* widget_workshop */,
				994879A62CCE360000EEA50F /* widget_workshopTests */,
				994879B02CCE360000EEA50F /* widget_workshopUITests */,
			);
		};
/* End PBXProject section */

/* Begin PBXResourcesBuildPhase section */
		994879952CCE35FF00EEA50F /* Resources */ = {
			isa = PBXResourcesBuildPhase;
			buildActionMask = 2147483647;
			files = (
				994879C62CCE369000EEA50F /* readme in Resources */,
			);
			runOnlyForDeploymentPostprocessing = 0;
		};
		994879A52CCE360000EEA50F /* Resources */ = {
			isa = PBXResourcesBuildPhase;
			buildActionMask = 2147483647;
			files = (
			);
			runOnlyForDeploymentPostprocessing = 0;
		};
		994879AF2CCE360000EEA50F /* Resources */ = {
			isa = PBXResourcesBuildPhase;
			buildActionMask = 2147483647;
			files = (
			);
			runOnlyForDeploymentPostprocessing = 0;
		};
/* End PBXResourcesBuildPhase section */

/* Begin PBXSourcesBuildPhase section */
		994879932CCE35FF00EEA50F /* Sources */ = {
			isa = PBXSourcesBuildPhase;
			buildActionMask = 2147483647;
			files = (
			);
			runOnlyForDeploymentPostprocessing = 0;
		};
		994879A32CCE360000EEA50F /* Sources */ = {
			isa = PBXSourcesBuildPhase;
			buildActionMask = 2147483647;
			files = (
			);
			runOnlyForDeploymentPostprocessing = 0;
		};
		994879AD2CCE360000EEA50F /* Sources */ = {
			isa = PBXSourcesBuildPhase;
			buildActionMask = 2147483647;
			files = (
			);
			runOnlyForDeploymentPostprocessing = 0;
		};
/* End PBXSourcesBuildPhase section */

/* Begin PBXTargetDependency section */
		994879A92CCE360000EEA50F /* PBXTargetDependency */ = {
			isa = PBXTargetDependency;
			target = 994879962CCE35FF00EEA50F /* widget_workshop */;
			targetProxy = 994879A82CCE360000EEA50F /* PBXContainerItemProxy */;
		};
		994879B32CCE360000EEA50F /* PBXTargetDependency */ = {
			isa = PBXTargetDependency;
			target = 994879962CCE35FF00EEA50F /* widget_workshop */;
			targetProxy = 994879B22CCE360000EEA50F /* PBXContainerItemProxy */;
		};
/* End PBXTargetDependency section */

/* Begin XCBuildConfiguration section */
		994879B92CCE360000EEA50F /* Debug */ = {
			isa = XCBuildConfiguration;
			buildSettings = {
				ALWAYS_SEARCH_USER_PATHS = NO;
				ASSETCATALOG_COMPILER_GENERATE_SWIFT_ASSET_SYMBOL_EXTENSIONS = YES;
				CLANG_ANALYZER_NONNULL = YES;
				CLANG_ANALYZER_NUMBER_OBJECT_CONVERSION = YES_AGGRESSIVE;
				CLANG_CXX_LANGUAGE_STANDARD = "gnu++20";
				CLANG_ENABLE_MODULES = YES;
				CLANG_ENABLE_OBJC_ARC = YES;
				CLANG_ENABLE_OBJC_WEAK = YES;
				CLANG_WARN_BLOCK_CAPTURE_AUTORELEASING = YES;
				CLANG_WARN_BOOL_CONVERSION = YES;
				CLANG_WARN_COMMA = YES;
				CLANG_WARN_CONSTANT_CONVERSION = YES;
				CLANG_WARN_DEPRECATED_OBJC_IMPLEMENTATIONS = YES;
				CLANG_WARN_DIRECT_OBJC_ISA_USAGE = YES_ERROR;
				CLANG_WARN_DOCUMENTATION_COMMENTS = YES;
				CLANG_WARN_EMPTY_BODY = YES;
				CLANG_WARN_ENUM_CONVERSION = YES;
				CLANG_WARN_INFINITE_RECURSION = YES;
				CLANG_WARN_INT_CONVERSION = YES;
				CLANG_WARN_NON_LITERAL_NULL_CONVERSION = YES;
				CLANG_WARN_OBJC_IMPLICIT_RETAIN_SELF = YES;
				CLANG_WARN_OBJC_LITERAL_CONVERSION = YES;
				CLANG_WARN_OBJC_ROOT_CLASS = YES_ERROR;
				CLANG_WARN_QUOTED_INCLUDE_IN_FRAMEWORK_HEADER = YES;
				CLANG_WARN_RANGE_LOOP_ANALYSIS = YES;
				CLANG_WARN_STRICT_PROTOTYPES = YES;
				CLANG_WARN_SUSPICIOUS_MOVE = YES;
				CLANG_WARN_UNGUARDED_AVAILABILITY = YES_AGGRESSIVE;
				CLANG_WARN_UNREACHABLE_CODE = YES;
				CLANG_WARN__DUPLICATE_METHOD_MATCH = YES;
				COPY_PHASE_STRIP = NO;
				DEBUG_INFORMATION_FORMAT = dwarf;
				ENABLE_STRICT_OBJC_MSGSEND = YES;
				ENABLE_TESTABILITY = YES;
				ENABLE_USER_SCRIPT_SANDBOXING = YES;
				GCC_C_LANGUAGE_STANDARD = gnu17;
				GCC_DYNAMIC_NO_PIC = NO;
				GCC_NO_COMMON_BLOCKS = YES;
				GCC_OPTIMIZATION_LEVEL = 0;
				GCC_PREPROCESSOR_DEFINITIONS = (
					"DEBUG=1",
					"$(inherited)",
				);
				GCC_WARN_64_TO_32_BIT_CONVERSION = YES;
				GCC_WARN_ABOUT_RETURN_TYPE = YES_ERROR;
				GCC_WARN_UNDECLARED_SELECTOR = YES;
				GCC_WARN_UNINITIALIZED_AUTOS = YES_AGGRESSIVE;
				GCC_WARN_UNUSED_FUNCTION = YES;
				GCC_WARN_UNUSED_VARIABLE = YES;
				IPHONEOS_DEPLOYMENT_TARGET = 18.0;
				LOCALIZATION_PREFERS_STRING_CATALOGS = YES;
				MTL_ENABLE_DEBUG_INFO = INCLUDE_SOURCE;
				MTL_FAST_MATH = YES;
				ONLY_ACTIVE_ARCH = YES;
				SDKROOT = iphoneos;
				SWIFT_ACTIVE_COMPILATION_CONDITIONS = "DEBUG $(inherited)";
				SWIFT_OPTIMIZATION_LEVEL = "-Onone";
			};
			name = Debug;
		};
		994879BA2CCE360000EEA50F /* Release */ = {
			isa = XCBuildConfiguration;
			buildSettings = {
				ALWAYS_SEARCH_USER_PATHS = NO;
				ASSETCATALOG_COMPILER_GENERATE_SWIFT_ASSET_SYMBOL_EXTENSIONS = YES;
				CLANG_ANALYZER_NONNULL = YES;
				CLANG_ANALYZER_NUMBER_OBJECT_CONVERSION = YES_AGGRESSIVE;
				CLANG_CXX_LANGUAGE_STANDARD = "gnu++20";
				CLANG_ENABLE_MODULES = YES;
				CLANG_ENABLE_OBJC_ARC = YES;
				CLANG_ENABLE_OBJC_WEAK = YES;
				CLANG_WARN_BLOCK_CAPTURE_AUTORELEASING = YES;
				CLANG_WARN_BOOL_CONVERSION = YES;
				CLANG_WARN_COMMA = YES;
				CLANG_WARN_CONSTANT_CONVERSION = YES;
				CLANG_WARN_DEPRECATED_OBJC_IMPLEMENTATIONS = YES;
				CLANG_WARN_DIRECT_OBJC_ISA_USAGE = YES_ERROR;
				CLANG_WARN_DOCUMENTATION_COMMENTS = YES;
				CLANG_WARN_EMPTY_BODY = YES;
				CLANG_WARN_ENUM_CONVERSION = YES;
				CLANG_WARN_INFINITE_RECURSION = YES;
				CLANG_WARN_INT_CONVERSION = YES;
				CLANG_WARN_NON_LITERAL_NULL_CONVERSION = YES;
				CLANG_WARN_OBJC_IMPLICIT_RETAIN_SELF = YES;
				CLANG_WARN_OBJC_LITERAL_CONVERSION = YES;
				CLANG_WARN_OBJC_ROOT_CLASS = YES_ERROR;
				CLANG_WARN_QUOTED_INCLUDE_IN_FRAMEWORK_HEADER = YES;
				CLANG_WARN_RANGE_LOOP_ANALYSIS = YES;
				CLANG_WARN_STRICT_PROTOTYPES = YES;
				CLANG_WARN_SUSPICIOUS_MOVE = YES;
				CLANG_WARN_UNGUARDED_AVAILABILITY = YES_AGGRESSIVE;
				CLANG_WARN_UNREACHABLE_CODE = YES;
				CLANG_WARN__DUPLICATE_METHOD_MATCH = YES;
				COPY_PHASE_STRIP = NO;
				DEBUG_INFORMATION_FORMAT = "dwarf-with-dsym";
				ENABLE_NS_ASSERTIONS = NO;
				ENABLE_STRICT_OBJC_MSGSEND = YES;
				ENABLE_USER_SCRIPT_SANDBOXING = YES;
				GCC_C_LANGUAGE_STANDARD = gnu17;
				GCC_NO_COMMON_BLOCKS = YES;
				GCC_WARN_64_TO_32_BIT_CONVERSION = YES;
				GCC_WARN_ABOUT_RETURN_TYPE = YES_ERROR;
				GCC_WARN_UNDECLARED_SELECTOR = YES;
				GCC_WARN_UNINITIALIZED_AUTOS = YES_AGGRESSIVE;
				GCC_WARN_UNUSED_FUNCTION = YES;
				GCC_WARN_UNUSED_VARIABLE = YES;
				IPHONEOS_DEPLOYMENT_TARGET = 18.0;
				LOCALIZATION_PREFERS_STRING_CATALOGS = YES;
				MTL_ENABLE_DEBUG_INFO = NO;
				MTL_FAST_MATH = YES;
				SDKROOT = iphoneos;
				SWIFT_COMPILATION_MODE = wholemodule;
				VALIDATE_PRODUCT = YES;
			};
			name = Release;
		};
		994879BC2CCE360000EEA50F /* Debug */ = {
			isa = XCBuildConfiguration;
			buildSettings = {
				ASSETCATALOG_COMPILER_APPICON_NAME = AppIcon;
				ASSETCATALOG_COMPILER_GLOBAL_ACCENT_COLOR_NAME = AccentColor;
				CODE_SIGN_STYLE = Automatic;
				CURRENT_PROJECT_VERSION = 1;
				DEVELOPMENT_ASSET_PATHS = "\"widget_workshop/Preview Content\"";
				DEVELOPMENT_TEAM = ADV4LU6NX9;
				ENABLE_PREVIEWS = YES;
				GENERATE_INFOPLIST_FILE = YES;
				INFOPLIST_KEY_UIApplicationSceneManifest_Generation = YES;
				INFOPLIST_KEY_UIApplicationSupportsIndirectInputEvents = YES;
				INFOPLIST_KEY_UILaunchScreen_Generation = YES;
				INFOPLIST_KEY_UISupportedInterfaceOrientations_iPad = "UIInterfaceOrientationPortrait UIInterfaceOrientationPortraitUpsideDown UIInterfaceOrientationLandscapeLeft UIInterfaceOrientationLandscapeRight";
				INFOPLIST_KEY_UISupportedInterfaceOrientations_iPhone = "UIInterfaceOrientationPortrait UIInterfaceOrientationLandscapeLeft UIInterfaceOrientationLandscapeRight";
				LD_RUNPATH_SEARCH_PATHS = (
					"$(inherited)",
					"@executable_path/Frameworks",
				);
				MARKETING_VERSION = 1.0;
				PRODUCT_BUNDLE_IDENTIFIER = "com.appleplatform24.widget-workshop";
				PRODUCT_NAME = "$(TARGET_NAME)";
				SWIFT_EMIT_LOC_STRINGS = YES;
				SWIFT_VERSION = 5.0;
				TARGETED_DEVICE_FAMILY = "1,2";
			};
			name = Debug;
		};
		994879BD2CCE360000EEA50F /* Release */ = {
			isa = XCBuildConfiguration;
			buildSettings = {
				ASSETCATALOG_COMPILER_APPICON_NAME = AppIcon;
				ASSETCATALOG_COMPILER_GLOBAL_ACCENT_COLOR_NAME = AccentColor;
				CODE_SIGN_STYLE = Automatic;
				CURRENT_PROJECT_VERSION = 1;
				DEVELOPMENT_ASSET_PATHS = "\"widget_workshop/Preview Content\"";
				DEVELOPMENT_TEAM = ADV4LU6NX9;
				ENABLE_PREVIEWS = YES;
				GENERATE_INFOPLIST_FILE = YES;
				INFOPLIST_KEY_UIApplicationSceneManifest_Generation = YES;
				INFOPLIST_KEY_UIApplicationSupportsIndirectInputEvents = YES;
				INFOPLIST_KEY_UILaunchScreen_Generation = YES;
				INFOPLIST_KEY_UISupportedInterfaceOrientations_iPad = "UIInterfaceOrientationPortrait UIInterfaceOrientationPortraitUpsideDown UIInterfaceOrientationLandscapeLeft UIInterfaceOrientationLandscapeRight";
				INFOPLIST_KEY_UISupportedInterfaceOrientations_iPhone = "UIInterfaceOrientationPortrait UIInterfaceOrientationLandscapeLeft UIInterfaceOrientationLandscapeRight";
				LD_RUNPATH_SEARCH_PATHS = (
					"$(inherited)",
					"@executable_path/Frameworks",
				);
				MARKETING_VERSION = 1.0;
				PRODUCT_BUNDLE_IDENTIFIER = "com.appleplatform24.widget-workshop";
				PRODUCT_NAME = "$(TARGET_NAME)";
				SWIFT_EMIT_LOC_STRINGS = YES;
				SWIFT_VERSION = 5.0;
				TARGETED_DEVICE_FAMILY = "1,2";
			};
			name = Release;
		};
		994879BF2CCE360000EEA50F /* Debug */ = {
			isa = XCBuildConfiguration;
			buildSettings = {
				BUNDLE_LOADER = "$(TEST_HOST)";
				CODE_SIGN_STYLE = Automatic;
				CURRENT_PROJECT_VERSION = 1;
				DEVELOPMENT_TEAM = ADV4LU6NX9;
				GENERATE_INFOPLIST_FILE = YES;
				IPHONEOS_DEPLOYMENT_TARGET = 18.0;
				MARKETING_VERSION = 1.0;
				PRODUCT_BUNDLE_IDENTIFIER = "com.appleplatform24.widget-workshopTests";
				PRODUCT_NAME = "$(TARGET_NAME)";
				SWIFT_EMIT_LOC_STRINGS = NO;
				SWIFT_VERSION = 5.0;
				TARGETED_DEVICE_FAMILY = "1,2";
				TEST_HOST = "$(BUILT_PRODUCTS_DIR)/widget_workshop.app/$(BUNDLE_EXECUTABLE_FOLDER_PATH)/widget_workshop";
			};
			name = Debug;
		};
		994879C02CCE360000EEA50F /* Release */ = {
			isa = XCBuildConfiguration;
			buildSettings = {
				BUNDLE_LOADER = "$(TEST_HOST)";
				CODE_SIGN_STYLE = Automatic;
				CURRENT_PROJECT_VERSION = 1;
				DEVELOPMENT_TEAM = ADV4LU6NX9;
				GENERATE_INFOPLIST_FILE = YES;
				IPHONEOS_DEPLOYMENT_TARGET = 18.0;
				MARKETING_VERSION = 1.0;
				PRODUCT_BUNDLE_IDENTIFIER = "com.appleplatform24.widget-workshopTests";
				PRODUCT_NAME = "$(TARGET_NAME)";
				SWIFT_EMIT_LOC_STRINGS = NO;
				SWIFT_VERSION = 5.0;
				TARGETED_DEVICE_FAMILY = "1,2";
				TEST_HOST = "$(BUILT_PRODUCTS_DIR)/widget_workshop.app/$(BUNDLE_EXECUTABLE_FOLDER_PATH)/widget_workshop";
			};
			name = Release;
		};
		994879C22CCE360000EEA50F /* Debug */ = {
			isa = XCBuildConfiguration;
			buildSettings = {
				CODE_SIGN_STYLE = Automatic;
				CURRENT_PROJECT_VERSION = 1;
				DEVELOPMENT_TEAM = ADV4LU6NX9;
				GENERATE_INFOPLIST_FILE = YES;
				MARKETING_VERSION = 1.0;
				PRODUCT_BUNDLE_IDENTIFIER = "com.appleplatform24.widget-workshopUITests";
				PRODUCT_NAME = "$(TARGET_NAME)";
				SWIFT_EMIT_LOC_STRINGS = NO;
				SWIFT_VERSION = 5.0;
				TARGETED_DEVICE_FAMILY = "1,2";
				TEST_TARGET_NAME = widget_workshop;
			};
			name = Debug;
		};
		994879C32CCE360000EEA50F /* Release */ = {
			isa = XCBuildConfiguration;
			buildSettings = {
				CODE_SIGN_STYLE = Automatic;
				CURRENT_PROJECT_VERSION = 1;
				DEVELOPMENT_TEAM = ADV4LU6NX9;
				GENERATE_INFOPLIST_FILE = YES;
				MARKETING_VERSION = 1.0;
				PRODUCT_BUNDLE_IDENTIFIER = "com.appleplatform24.widget-workshopUITests";
				PRODUCT_NAME = "$(TARGET_NAME)";
				SWIFT_EMIT_LOC_STRINGS = NO;
				SWIFT_VERSION = 5.0;
				TARGETED_DEVICE_FAMILY = "1,2";
				TEST_TARGET_NAME = widget_workshop;
			};
			name = Release;
		};
/* End XCBuildConfiguration section */

/* Begin XCConfigurationList section */
		994879922CCE35FF00EEA50F /* Build configuration list for PBXProject "widget_workshop" */ = {
			isa = XCConfigurationList;
			buildConfigurations = (
				994879B92CCE360000EEA50F /* Debug */,
				994879BA2CCE360000EEA50F /* Release */,
			);
			defaultConfigurationIsVisible = 0;
			defaultConfigurationName = Release;
		};
		994879BB2CCE360000EEA50F /* Build configuration list for PBXNativeTarget "widget_workshop" */ = {
			isa = XCConfigurationList;
			buildConfigurations = (
				994879BC2CCE360000EEA50F /* Debug */,
				994879BD2CCE360000EEA50F /* Release */,
			);
			defaultConfigurationIsVisible = 0;
			defaultConfigurationName = Release;
		};
		994879BE2CCE360000EEA50F /* Build configuration list for PBXNativeTarget "widget_workshopTests" */ = {
			isa = XCConfigurationList;
			buildConfigurations = (
				994879BF2CCE360000EEA50F /* Debug */,
				994879C02CCE360000EEA50F /* Release */,
			);
			defaultConfigurationIsVisible = 0;
			defaultConfigurationName = Release;
		};
		994879C12CCE360000EEA50F /* Build configuration list for PBXNativeTarget "widget_workshopUITests" */ = {
			isa = XCConfigurationList;
			buildConfigurations = (
				994879C22CCE360000EEA50F /* Debug */,
				994879C32CCE360000EEA50F /* Release */,
			);
			defaultConfigurationIsVisible = 0;
			defaultConfigurationName = Release;
		};
/* End XCConfigurationList section */
	};
	rootObject = 9948798F2CCE35FF00EEA50F /* Project object */;
}
